{
  "version": 4,
  "terraform_version": "1.11.3",
  "serial": 36,
  "lineage": "9ee06d10-e806-302d-7c28-eb5f145e959a",
  "outputs": {
    "app_secret_key_secret_id": {
      "value": "lms-app-secret-key",
      "type": "string"
    },
    "cloudrun_service_account_email": {
      "value": "lms-cloudrun-sa@ai-powered-lms.iam.gserviceaccount.com",
      "type": "string"
    },
    "cloudrun_service_name": {
      "value": "lms-backend-service",
      "type": "string"
    },
    "database_name": {
      "value": "cloudnative_lms",
      "type": "string"
    },
    "database_password_secret_id": {
      "value": "cloudnative-lms-instance-db-password",
      "type": "string",
      "sensitive": true
    },
    "database_user_name": {
      "value": "lms_user",
      "type": "string"
    },
    "generated_database_password": {
      "value": "Stored in Secret Manager",
      "type": "string",
      "sensitive": true
    },
    "instance_connection_name": {
      "value": "ai-powered-lms:us-central1:cloudnative-lms-instance",
      "type": "string"
    },
    "instance_name": {
      "value": "cloudnative-lms-instance",
      "type": "string"
    },
    "instance_private_ip_address": {
      "value": "",
      "type": "string"
    },
    "instance_public_ip_address": {
      "value": "35.194.49.185",
      "type": "string"
    }
  },
  "resources": [
    {
      "mode": "managed",
      "type": "google_cloud_run_v2_service",
      "name": "main",
      "provider": "provider[\"registry.terraform.io/hashicorp/google\"]",
      "instances": [
        {
          "status": "tainted",
          "schema_version": 0,
          "attributes": {
            "annotations": null,
            "binary_authorization": [],
            "client": null,
            "client_version": null,
            "conditions": null,
            "create_time": null,
            "creator": null,
            "custom_audiences": null,
            "delete_time": null,
            "description": null,
            "effective_annotations": null,
            "effective_labels": null,
            "etag": null,
            "expire_time": null,
            "generation": null,
            "id": "projects/ai-powered-lms/locations/us-central1/services/lms-backend-service",
            "ingress": "INGRESS_TRAFFIC_ALL",
            "labels": null,
            "last_modifier": null,
            "latest_created_revision": null,
            "latest_ready_revision": null,
            "launch_stage": null,
            "location": "us-central1",
            "name": "lms-backend-service",
            "observed_generation": null,
            "project": "ai-powered-lms",
            "reconciling": null,
            "template": [
              {
                "annotations": null,
                "containers": [
                  {
                    "args": null,
                    "command": null,
                    "depends_on": null,
                    "env": [
                      {
                        "name": "DATABASE_URL",
                        "value": "mysql+pymysql://lms_user@127.0.0.1:3306/cloudnative_lms",
                        "value_source": []
                      },
                      {
                        "name": "DB_PASSWORD",
                        "value": "",
                        "value_source": [
                          {
                            "secret_key_ref": [
                              {
                                "secret": "cloudnative-lms-instance-db-password",
                                "version": "latest"
                              }
                            ]
                          }
                        ]
                      },
                      {
                        "name": "SECRET_KEY",
                        "value": "",
                        "value_source": [
                          {
                            "secret_key_ref": [
                              {
                                "secret": "lms-app-secret-key",
                                "version": "latest"
                              }
                            ]
                          }
                        ]
                      },
                      {
                        "name": "GCS_BUCKET_NAME",
                        "value": "lms-ai",
                        "value_source": []
                      },
                      {
                        "name": "JWT_EXPIRY_MINUTES",
                        "value": "30",
                        "value_source": []
                      },
                      {
                        "name": "PROJECT_ID",
                        "value": "ai-powered-lms",
                        "value_source": []
                      },
                      {
                        "name": "LOCATION",
                        "value": "us-central1",
                        "value_source": []
                      },
                      {
                        "name": "MODEL_NAME",
                        "value": "gemini-2.5-pro-exp-03-25",
                        "value_source": []
                      },
                      {
                        "name": "GOOGLE_CLOUD_PROJECT",
                        "value": "ai-powered-lms",
                        "value_source": []
                      },
                      {
                        "name": "VERTEX_AI_LOCATION",
                        "value": "us-central1",
                        "value_source": []
                      },
                      {
                        "name": "VERTEX_AI_MODEL",
                        "value": "gemini-2.5-pro-exp-03-25",
                        "value_source": []
                      }
                    ],
                    "image": "docker.io/rathinamtrainers/lmsai:latest",
                    "liveness_probe": [],
                    "name": "lms-backend-app",
                    "ports": [
                      {
                        "container_port": 8000,
                        "name": ""
                      }
                    ],
                    "resources": [
                      {
                        "cpu_idle": false,
                        "limits": {
                          "cpu": "1",
                          "memory": "512Mi"
                        },
                        "startup_cpu_boost": true
                      }
                    ],
                    "startup_probe": [],
                    "volume_mounts": [],
                    "working_dir": ""
                  },
                  {
                    "args": [
                      "--structured-logs",
                      "--instances=ai-powered-lms:us-central1:cloudnative-lms-instance=tcp:3306"
                    ],
                    "command": null,
                    "depends_on": null,
                    "env": [],
                    "image": "gcr.io/cloud-sql-connectors/cloud-sql-proxy:latest",
                    "liveness_probe": [],
                    "name": "cloud-sql-proxy",
                    "ports": [],
                    "resources": [
                      {
                        "cpu_idle": false,
                        "limits": {
                          "cpu": "1",
                          "memory": "256Mi"
                        },
                        "startup_cpu_boost": false
                      }
                    ],
                    "startup_probe": [],
                    "volume_mounts": [],
                    "working_dir": ""
                  }
                ],
                "encryption_key": "",
                "execution_environment": "",
                "labels": null,
                "max_instance_request_concurrency": 0,
                "revision": "",
                "scaling": [
                  {
                    "max_instance_count": 2,
                    "min_instance_count": 0
                  }
                ],
                "service_account": "lms-cloudrun-sa@ai-powered-lms.iam.gserviceaccount.com",
                "session_affinity": false,
                "timeout": "",
                "volumes": [],
                "vpc_access": []
              }
            ],
            "terminal_condition": null,
            "terraform_labels": null,
            "timeouts": null,
            "traffic": null,
            "traffic_statuses": null,
            "uid": null,
            "update_time": null,
            "uri": null
          },
          "sensitive_attributes": [],
          "private": "eyJlMmJmYjczMC1lY2FhLTExZTYtOGY4OC0zNDM2M2JjN2M0YzAiOnsiY3JlYXRlIjoxMjAwMDAwMDAwMDAwLCJkZWxldGUiOjEyMDAwMDAwMDAwMDAsInVwZGF0ZSI6MTIwMDAwMDAwMDAwMH19",
          "dependencies": [
            "google_project_iam_member.cloudrun_sa_gcs_access",
            "google_project_iam_member.cloudrun_sa_secret_accessor",
            "google_project_iam_member.cloudrun_sa_sql_client",
            "google_project_iam_member.cloudrun_sa_vertex_user",
            "google_project_service.aiplatform_api",
            "google_project_service.run_api",
            "google_project_service.secretmanager_api",
            "google_project_service.sqladmin_api",
            "google_secret_manager_secret.app_secret_key",
            "google_secret_manager_secret.db_password_secret",
            "google_secret_manager_secret_version.app_secret_key_version",
            "google_service_account.cloudrun_sa",
            "google_sql_database_instance.main",
            "google_sql_user.main_user",
            "random_password.db_password",
            "random_string.app_secret_key_random"
          ]
        }
      ]
    },
    {
      "mode": "managed",
      "type": "google_project_iam_member",
      "name": "cloudrun_sa_gcs_access",
      "provider": "provider[\"registry.terraform.io/hashicorp/google\"]",
      "instances": [
        {
          "schema_version": 0,
          "attributes": {
            "condition": [],
            "etag": "BwYzShJcqGU=",
            "id": "ai-powered-lms/roles/storage.objectAdmin/serviceAccount:lms-cloudrun-sa@ai-powered-lms.iam.gserviceaccount.com",
            "member": "serviceAccount:lms-cloudrun-sa@ai-powered-lms.iam.gserviceaccount.com",
            "project": "ai-powered-lms",
            "role": "roles/storage.objectAdmin"
          },
          "sensitive_attributes": [],
          "private": "bnVsbA==",
          "dependencies": [
            "google_service_account.cloudrun_sa"
          ]
        }
      ]
    },
    {
      "mode": "managed",
      "type": "google_project_iam_member",
      "name": "cloudrun_sa_secret_accessor",
      "provider": "provider[\"registry.terraform.io/hashicorp/google\"]",
      "instances": [
        {
          "schema_version": 0,
          "attributes": {
            "condition": [],
            "etag": "BwYzShJcqGU=",
            "id": "ai-powered-lms/roles/secretmanager.secretAccessor/serviceAccount:lms-cloudrun-sa@ai-powered-lms.iam.gserviceaccount.com",
            "member": "serviceAccount:lms-cloudrun-sa@ai-powered-lms.iam.gserviceaccount.com",
            "project": "ai-powered-lms",
            "role": "roles/secretmanager.secretAccessor"
          },
          "sensitive_attributes": [],
          "private": "bnVsbA==",
          "dependencies": [
            "google_project_service.secretmanager_api",
            "google_service_account.cloudrun_sa"
          ]
        }
      ]
    },
    {
      "mode": "managed",
      "type": "google_project_iam_member",
      "name": "cloudrun_sa_sql_client",
      "provider": "provider[\"registry.terraform.io/hashicorp/google\"]",
      "instances": [
        {
          "schema_version": 0,
          "attributes": {
            "condition": [],
            "etag": "BwYzShJcqGU=",
            "id": "ai-powered-lms/roles/cloudsql.client/serviceAccount:lms-cloudrun-sa@ai-powered-lms.iam.gserviceaccount.com",
            "member": "serviceAccount:lms-cloudrun-sa@ai-powered-lms.iam.gserviceaccount.com",
            "project": "ai-powered-lms",
            "role": "roles/cloudsql.client"
          },
          "sensitive_attributes": [],
          "private": "bnVsbA==",
          "dependencies": [
            "google_project_service.sqladmin_api",
            "google_service_account.cloudrun_sa"
          ]
        }
      ]
    },
    {
      "mode": "managed",
      "type": "google_project_iam_member",
      "name": "cloudrun_sa_vertex_user",
      "provider": "provider[\"registry.terraform.io/hashicorp/google\"]",
      "instances": [
        {
          "schema_version": 0,
          "attributes": {
            "condition": [],
            "etag": "BwYzShJcqGU=",
            "id": "ai-powered-lms/roles/aiplatform.user/serviceAccount:lms-cloudrun-sa@ai-powered-lms.iam.gserviceaccount.com",
            "member": "serviceAccount:lms-cloudrun-sa@ai-powered-lms.iam.gserviceaccount.com",
            "project": "ai-powered-lms",
            "role": "roles/aiplatform.user"
          },
          "sensitive_attributes": [],
          "private": "bnVsbA==",
          "dependencies": [
            "google_project_service.aiplatform_api",
            "google_service_account.cloudrun_sa"
          ]
        }
      ]
    },
    {
      "mode": "managed",
      "type": "google_project_service",
      "name": "aiplatform_api",
      "provider": "provider[\"registry.terraform.io/hashicorp/google\"]",
      "instances": [
        {
          "schema_version": 0,
          "attributes": {
            "disable_dependent_services": null,
            "disable_on_destroy": false,
            "id": "ai-powered-lms/aiplatform.googleapis.com",
            "project": "ai-powered-lms",
            "service": "aiplatform.googleapis.com",
            "timeouts": null
          },
          "sensitive_attributes": [],
          "private": "eyJlMmJmYjczMC1lY2FhLTExZTYtOGY4OC0zNDM2M2JjN2M0YzAiOnsiY3JlYXRlIjoxMjAwMDAwMDAwMDAwLCJkZWxldGUiOjEyMDAwMDAwMDAwMDAsInJlYWQiOjYwMDAwMDAwMDAwMCwidXBkYXRlIjoxMjAwMDAwMDAwMDAwfX0="
        }
      ]
    },
    {
      "mode": "managed",
      "type": "google_project_service",
      "name": "iam_api",
      "provider": "provider[\"registry.terraform.io/hashicorp/google\"]",
      "instances": [
        {
          "schema_version": 0,
          "attributes": {
            "disable_dependent_services": null,
            "disable_on_destroy": false,
            "id": "ai-powered-lms/iam.googleapis.com",
            "project": "ai-powered-lms",
            "service": "iam.googleapis.com",
            "timeouts": null
          },
          "sensitive_attributes": [],
          "private": "eyJlMmJmYjczMC1lY2FhLTExZTYtOGY4OC0zNDM2M2JjN2M0YzAiOnsiY3JlYXRlIjoxMjAwMDAwMDAwMDAwLCJkZWxldGUiOjEyMDAwMDAwMDAwMDAsInJlYWQiOjYwMDAwMDAwMDAwMCwidXBkYXRlIjoxMjAwMDAwMDAwMDAwfX0="
        }
      ]
    },
    {
      "mode": "managed",
      "type": "google_project_service",
      "name": "run_api",
      "provider": "provider[\"registry.terraform.io/hashicorp/google\"]",
      "instances": [
        {
          "schema_version": 0,
          "attributes": {
            "disable_dependent_services": null,
            "disable_on_destroy": false,
            "id": "ai-powered-lms/run.googleapis.com",
            "project": "ai-powered-lms",
            "service": "run.googleapis.com",
            "timeouts": null
          },
          "sensitive_attributes": [],
          "private": "eyJlMmJmYjczMC1lY2FhLTExZTYtOGY4OC0zNDM2M2JjN2M0YzAiOnsiY3JlYXRlIjoxMjAwMDAwMDAwMDAwLCJkZWxldGUiOjEyMDAwMDAwMDAwMDAsInJlYWQiOjYwMDAwMDAwMDAwMCwidXBkYXRlIjoxMjAwMDAwMDAwMDAwfX0="
        }
      ]
    },
    {
      "mode": "managed",
      "type": "google_project_service",
      "name": "secretmanager_api",
      "provider": "provider[\"registry.terraform.io/hashicorp/google\"]",
      "instances": [
        {
          "schema_version": 0,
          "attributes": {
            "disable_dependent_services": null,
            "disable_on_destroy": false,
            "id": "ai-powered-lms/secretmanager.googleapis.com",
            "project": "ai-powered-lms",
            "service": "secretmanager.googleapis.com",
            "timeouts": null
          },
          "sensitive_attributes": [],
          "private": "eyJlMmJmYjczMC1lY2FhLTExZTYtOGY4OC0zNDM2M2JjN2M0YzAiOnsiY3JlYXRlIjoxMjAwMDAwMDAwMDAwLCJkZWxldGUiOjEyMDAwMDAwMDAwMDAsInJlYWQiOjYwMDAwMDAwMDAwMCwidXBkYXRlIjoxMjAwMDAwMDAwMDAwfX0="
        }
      ]
    },
    {
      "mode": "managed",
      "type": "google_project_service",
      "name": "sqladmin_api",
      "provider": "provider[\"registry.terraform.io/hashicorp/google\"]",
      "instances": [
        {
          "schema_version": 0,
          "attributes": {
            "disable_dependent_services": null,
            "disable_on_destroy": false,
            "id": "ai-powered-lms/sqladmin.googleapis.com",
            "project": "ai-powered-lms",
            "service": "sqladmin.googleapis.com",
            "timeouts": null
          },
          "sensitive_attributes": [],
          "private": "eyJlMmJmYjczMC1lY2FhLTExZTYtOGY4OC0zNDM2M2JjN2M0YzAiOnsiY3JlYXRlIjoxMjAwMDAwMDAwMDAwLCJkZWxldGUiOjEyMDAwMDAwMDAwMDAsInJlYWQiOjYwMDAwMDAwMDAwMCwidXBkYXRlIjoxMjAwMDAwMDAwMDAwfX0="
        }
      ]
    },
    {
      "mode": "managed",
      "type": "google_secret_manager_secret",
      "name": "app_secret_key",
      "provider": "provider[\"registry.terraform.io/hashicorp/google\"]",
      "instances": [
        {
          "schema_version": 0,
          "attributes": {
            "annotations": {},
            "create_time": "2025-04-21T13:44:38.206264Z",
            "effective_annotations": {},
            "effective_labels": {},
            "expire_time": "",
            "id": "projects/ai-powered-lms/secrets/lms-app-secret-key",
            "labels": {},
            "name": "projects/931876132356/secrets/lms-app-secret-key",
            "project": "ai-powered-lms",
            "replication": [
              {
                "auto": [],
                "user_managed": [
                  {
                    "replicas": [
                      {
                        "customer_managed_encryption": [],
                        "location": "us-central1"
                      },
                      {
                        "customer_managed_encryption": [],
                        "location": "us-east1"
                      }
                    ]
                  }
                ]
              }
            ],
            "rotation": [],
            "secret_id": "lms-app-secret-key",
            "terraform_labels": {},
            "timeouts": null,
            "topics": [],
            "ttl": null,
            "version_aliases": {},
            "version_destroy_ttl": ""
          },
          "sensitive_attributes": [],
          "private": "eyJlMmJmYjczMC1lY2FhLTExZTYtOGY4OC0zNDM2M2JjN2M0YzAiOnsiY3JlYXRlIjoxMjAwMDAwMDAwMDAwLCJkZWxldGUiOjEyMDAwMDAwMDAwMDAsInVwZGF0ZSI6MTIwMDAwMDAwMDAwMH19",
          "dependencies": [
            "google_project_service.secretmanager_api"
          ]
        }
      ]
    },
    {
      "mode": "managed",
      "type": "google_secret_manager_secret",
      "name": "db_password_secret",
      "provider": "provider[\"registry.terraform.io/hashicorp/google\"]",
      "instances": [
        {
          "index_key": 0,
          "schema_version": 0,
          "attributes": {
            "annotations": {},
            "create_time": "2025-04-21T12:37:13.191771Z",
            "effective_annotations": {},
            "effective_labels": {},
            "expire_time": "",
            "id": "projects/ai-powered-lms/secrets/cloudnative-lms-instance-db-password",
            "labels": {},
            "name": "projects/931876132356/secrets/cloudnative-lms-instance-db-password",
            "project": "ai-powered-lms",
            "replication": [
              {
                "auto": [],
                "user_managed": [
                  {
                    "replicas": [
                      {
                        "customer_managed_encryption": [],
                        "location": "us-central1"
                      },
                      {
                        "customer_managed_encryption": [],
                        "location": "us-east1"
                      }
                    ]
                  }
                ]
              }
            ],
            "rotation": [],
            "secret_id": "cloudnative-lms-instance-db-password",
            "terraform_labels": {},
            "timeouts": null,
            "topics": [],
            "ttl": null,
            "version_aliases": {},
            "version_destroy_ttl": ""
          },
          "sensitive_attributes": [],
          "private": "eyJlMmJmYjczMC1lY2FhLTExZTYtOGY4OC0zNDM2M2JjN2M0YzAiOnsiY3JlYXRlIjoxMjAwMDAwMDAwMDAwLCJkZWxldGUiOjEyMDAwMDAwMDAwMDAsInVwZGF0ZSI6MTIwMDAwMDAwMDAwMH19",
          "dependencies": [
            "google_project_service.secretmanager_api"
          ]
        }
      ]
    },
    {
      "mode": "managed",
      "type": "google_secret_manager_secret_version",
      "name": "app_secret_key_version",
      "provider": "provider[\"registry.terraform.io/hashicorp/google\"]",
      "instances": [
        {
          "schema_version": 0,
          "attributes": {
            "create_time": "2025-04-21T13:44:42.363399Z",
            "deletion_policy": "DELETE",
            "destroy_time": "",
            "enabled": true,
            "id": "projects/931876132356/secrets/lms-app-secret-key/versions/1",
            "is_secret_data_base64": false,
            "name": "projects/931876132356/secrets/lms-app-secret-key/versions/1",
            "secret": "projects/ai-powered-lms/secrets/lms-app-secret-key",
            "secret_data": "bUc\u003c8uUuh\u003cvR?9*rKJ@NeHE\u0026G:hXO_s}jzrD:r[\u003e1?m2lLu$",
            "timeouts": null,
            "version": "1"
          },
          "sensitive_attributes": [
            [
              {
                "type": "get_attr",
                "value": "secret_data"
              }
            ]
          ],
          "private": "eyJlMmJmYjczMC1lY2FhLTExZTYtOGY4OC0zNDM2M2JjN2M0YzAiOnsiY3JlYXRlIjoxMjAwMDAwMDAwMDAwLCJkZWxldGUiOjEyMDAwMDAwMDAwMDAsInVwZGF0ZSI6MTIwMDAwMDAwMDAwMH19",
          "dependencies": [
            "google_project_service.secretmanager_api",
            "google_secret_manager_secret.app_secret_key",
            "random_string.app_secret_key_random"
          ]
        }
      ]
    },
    {
      "mode": "managed",
      "type": "google_secret_manager_secret_version",
      "name": "db_password_secret_version",
      "provider": "provider[\"registry.terraform.io/hashicorp/google\"]",
      "instances": [
        {
          "index_key": 0,
          "schema_version": 0,
          "attributes": {
            "create_time": "2025-04-21T13:02:40.726248Z",
            "deletion_policy": "DELETE",
            "destroy_time": "",
            "enabled": true,
            "id": "projects/931876132356/secrets/cloudnative-lms-instance-db-password/versions/2",
            "is_secret_data_base64": false,
            "name": "projects/931876132356/secrets/cloudnative-lms-instance-db-password/versions/2",
            "secret": "projects/ai-powered-lms/secrets/cloudnative-lms-instance-db-password",
            "secret_data": "mpINY1mlHO5K2_YafABq",
            "timeouts": null,
            "version": "2"
          },
          "sensitive_attributes": [
            [
              {
                "type": "get_attr",
                "value": "secret_data"
              }
            ]
          ],
          "private": "eyJlMmJmYjczMC1lY2FhLTExZTYtOGY4OC0zNDM2M2JjN2M0YzAiOnsiY3JlYXRlIjoxMjAwMDAwMDAwMDAwLCJkZWxldGUiOjEyMDAwMDAwMDAwMDAsInVwZGF0ZSI6MTIwMDAwMDAwMDAwMH19",
          "dependencies": [
            "google_project_service.secretmanager_api",
            "google_secret_manager_secret.db_password_secret",
            "random_password.db_password"
          ]
        }
      ]
    },
    {
      "mode": "managed",
      "type": "google_service_account",
      "name": "cloudrun_sa",
      "provider": "provider[\"registry.terraform.io/hashicorp/google\"]",
      "instances": [
        {
          "schema_version": 0,
          "attributes": {
            "account_id": "lms-cloudrun-sa",
            "create_ignore_already_exists": null,
            "description": "Service Account for the LMS Backend Cloud Run service",
            "disabled": false,
            "display_name": "LMS Backend Cloud Run Service Account",
            "email": "lms-cloudrun-sa@ai-powered-lms.iam.gserviceaccount.com",
            "id": "projects/ai-powered-lms/serviceAccounts/lms-cloudrun-sa@ai-powered-lms.iam.gserviceaccount.com",
            "member": "serviceAccount:lms-cloudrun-sa@ai-powered-lms.iam.gserviceaccount.com",
            "name": "projects/ai-powered-lms/serviceAccounts/lms-cloudrun-sa@ai-powered-lms.iam.gserviceaccount.com",
            "project": "ai-powered-lms",
            "timeouts": null,
            "unique_id": "108373505485949888431"
          },
          "sensitive_attributes": [],
          "private": "eyJlMmJmYjczMC1lY2FhLTExZTYtOGY4OC0zNDM2M2JjN2M0YzAiOnsiY3JlYXRlIjozMDAwMDAwMDAwMDB9fQ=="
        }
      ]
    },
    {
      "mode": "managed",
      "type": "google_sql_database",
      "name": "main_db",
      "provider": "provider[\"registry.terraform.io/hashicorp/google\"]",
      "instances": [
        {
          "schema_version": 0,
          "attributes": {
            "charset": "utf8mb4",
            "collation": "utf8mb4_0900_ai_ci",
            "deletion_policy": "DELETE",
            "id": "projects/ai-powered-lms/instances/cloudnative-lms-instance/databases/cloudnative_lms",
            "instance": "cloudnative-lms-instance",
            "name": "cloudnative_lms",
            "project": "ai-powered-lms",
            "self_link": "https://sqladmin.googleapis.com/sql/v1beta4/projects/ai-powered-lms/instances/cloudnative-lms-instance/databases/cloudnative_lms",
            "timeouts": null
          },
          "sensitive_attributes": [],
          "private": "eyJlMmJmYjczMC1lY2FhLTExZTYtOGY4OC0zNDM2M2JjN2M0YzAiOnsiY3JlYXRlIjoxMjAwMDAwMDAwMDAwLCJkZWxldGUiOjEyMDAwMDAwMDAwMDAsInVwZGF0ZSI6MTIwMDAwMDAwMDAwMH19",
          "dependencies": [
            "google_project_service.sqladmin_api",
            "google_sql_database_instance.main"
          ]
        }
      ]
    },
    {
      "mode": "managed",
      "type": "google_sql_database_instance",
      "name": "main",
      "provider": "provider[\"registry.terraform.io/hashicorp/google\"]",
      "instances": [
        {
          "schema_version": 0,
          "attributes": {
            "available_maintenance_versions": [],
            "clone": [],
            "connection_name": "ai-powered-lms:us-central1:cloudnative-lms-instance",
            "database_version": "MYSQL_8_0",
            "deletion_protection": false,
            "dns_name": "",
            "encryption_key_name": null,
            "first_ip_address": "35.194.49.185",
            "id": "cloudnative-lms-instance",
            "instance_type": "CLOUD_SQL_INSTANCE",
            "ip_address": [
              {
                "ip_address": "35.194.49.185",
                "time_to_retire": "",
                "type": "PRIMARY"
              }
            ],
            "maintenance_version": "MYSQL_8_0_40.R20250304.00_01",
            "master_instance_name": "",
            "name": "cloudnative-lms-instance",
            "private_ip_address": "",
            "project": "ai-powered-lms",
            "psc_service_attachment_link": "",
            "public_ip_address": "35.194.49.185",
            "region": "us-central1",
            "replica_configuration": [],
            "restore_backup_context": [],
            "root_password": null,
            "self_link": "https://sqladmin.googleapis.com/sql/v1beta4/projects/ai-powered-lms/instances/cloudnative-lms-instance",
            "server_ca_cert": [
              {
                "cert": "-----BEGIN CERTIFICATE-----\nMIIDfzCCAmegAwIBAgIBADANBgkqhkiG9w0BAQsFADB3MS0wKwYDVQQuEyRjMDg2\nOTEyNi1jMzA5LTRjNzEtYTAyMy05MGY4NmNiMGRlZDcxIzAhBgNVBAMTGkdvb2ds\nZSBDbG91ZCBTUUwgU2VydmVyIENBMRQwEgYDVQQKEwtHb29nbGUsIEluYzELMAkG\nA1UEBhMCVVMwHhcNMjUwNDIxMTIzNzM4WhcNMzUwNDE5MTIzODM4WjB3MS0wKwYD\nVQQuEyRjMDg2OTEyNi1jMzA5LTRjNzEtYTAyMy05MGY4NmNiMGRlZDcxIzAhBgNV\nBAMTGkdvb2dsZSBDbG91ZCBTUUwgU2VydmVyIENBMRQwEgYDVQQKEwtHb29nbGUs\nIEluYzELMAkGA1UEBhMCVVMwggEiMA0GCSqGSIb3DQEBAQUAA4IBDwAwggEKAoIB\nAQDuMCyL2R4kHJEoxbvp0gmjjFTbZQUgMq4xZaPC2xnvqYJSxeEbj/tHKdpZdolV\noSQh1DJpEEbHO7PlH+EHNnfWyQbav4slm3vOcYSGI4ui9mpiZtACC8361eqvVy7n\nKzlKUowQ5Di8n+rdVbDaUntPV3qeUsK6pwhbUNy0nBb1OikZ8eThsjKA1xamKjXe\n/A1PnNriW+aUXFul8RCmwl971zZJu1FMjS5I9uAvN/Ageb8AQsfmapIonOsOJ427\nceKPUu0ZSVqFwHXMhW6Juu4WCJFGmuk1k5ddWXdbYTxslttzDyvZbahMqze2q2Pp\njkpvIx2zz+MY91VZeahdJmGfAgMBAAGjFjAUMBIGA1UdEwEB/wQIMAYBAf8CAQAw\nDQYJKoZIhvcNAQELBQADggEBAKRdJVqkn54RiR2S7A4tGOL71n6PC+z0Ua94nOTb\nrCpftpGL9vadrLYnDMc3q9WYrH0ZPh3kY5XsIdfRi2tCRlbGVlMf+rxAcBv7XCHS\nKWyITTaXtalrKYfGFnv6DzCX8Yf9HLT7yCfZaZZjx9oWJPWFl03GN1wWVMblyGia\n1bK0J8yMlRbqsKj+iExjZWzM9+C1dH0w7/4KK4Abq4USeAXsqimvXNsw+9BcrFJe\nrHsCe0cM6whuVcM3cVrmjs0G+R5HXl+trOWhen8fczhAQzqA439wVjPd0qdqzELJ\nNW43xMfhUlzcozUpVgIpHOTM6tVDUcJklag5TCVXWdEmroU=\n-----END CERTIFICATE-----",
                "common_name": "C=US,O=Google\\, Inc,CN=Google Cloud SQL Server CA,dnQualifier=c0869126-c309-4c71-a023-90f86cb0ded7",
                "create_time": "2025-04-21T12:37:38.584Z",
                "expiration_time": "2035-04-19T12:38:38.584Z",
                "sha1_fingerprint": "4054e8691baafaf8949b122c4efc2fa307515134"
              }
            ],
            "service_account_email_address": "p931876132356-rxdx4v@gcp-sa-cloud-sql.iam.gserviceaccount.com",
            "settings": [
              {
                "activation_policy": "ALWAYS",
                "active_directory_config": [],
                "advanced_machine_features": [],
                "availability_type": "ZONAL",
                "backup_configuration": [
                  {
                    "backup_retention_settings": [
                      {
                        "retained_backups": 7,
                        "retention_unit": "COUNT"
                      }
                    ],
                    "binary_log_enabled": true,
                    "enabled": true,
                    "location": "",
                    "point_in_time_recovery_enabled": false,
                    "start_time": "20:00",
                    "transaction_log_retention_days": 7
                  }
                ],
                "collation": "",
                "connector_enforcement": "NOT_REQUIRED",
                "data_cache_config": [],
                "database_flags": [],
                "deletion_protection_enabled": false,
                "deny_maintenance_period": [],
                "disk_autoresize": true,
                "disk_autoresize_limit": 0,
                "disk_size": 10,
                "disk_type": "PD_SSD",
                "edition": "ENTERPRISE",
                "enable_dataplex_integration": false,
                "enable_google_ml_integration": false,
                "insights_config": [],
                "ip_configuration": [
                  {
                    "allocated_ip_range": "",
                    "authorized_networks": [],
                    "enable_private_path_for_google_cloud_services": false,
                    "ipv4_enabled": true,
                    "private_network": "",
                    "psc_config": [],
                    "require_ssl": false,
                    "server_ca_mode": "GOOGLE_MANAGED_INTERNAL_CA",
                    "ssl_mode": ""
                  }
                ],
                "location_preference": [
                  {
                    "follow_gae_application": "",
                    "secondary_zone": "",
                    "zone": "us-central1-c"
                  }
                ],
                "maintenance_window": [],
                "password_validation_policy": [],
                "pricing_plan": "PER_USE",
                "sql_server_audit_config": [],
                "tier": "db-f1-micro",
                "time_zone": "",
                "user_labels": {},
                "version": 2
              }
            ],
            "timeouts": null
          },
          "sensitive_attributes": [
            [
              {
                "type": "get_attr",
                "value": "root_password"
              }
            ],
            [
              {
                "type": "get_attr",
                "value": "server_ca_cert"
              }
            ]
          ],
          "private": "eyJlMmJmYjczMC1lY2FhLTExZTYtOGY4OC0zNDM2M2JjN2M0YzAiOnsiY3JlYXRlIjo1NDAwMDAwMDAwMDAwLCJkZWxldGUiOjU0MDAwMDAwMDAwMDAsInVwZGF0ZSI6NTQwMDAwMDAwMDAwMH19",
          "dependencies": [
            "google_project_service.sqladmin_api"
          ]
        }
      ]
    },
    {
      "mode": "managed",
      "type": "google_sql_user",
      "name": "main_user",
      "provider": "provider[\"registry.terraform.io/hashicorp/google\"]",
      "instances": [
        {
          "schema_version": 1,
          "attributes": {
            "deletion_policy": null,
            "host": "",
            "id": "lms_user//cloudnative-lms-instance",
            "instance": "cloudnative-lms-instance",
            "name": "lms_user",
            "password": "mpINY1mlHO5K2_YafABq",
            "password_policy": [],
            "project": "ai-powered-lms",
            "sql_server_user_details": [],
            "timeouts": null,
            "type": ""
          },
          "sensitive_attributes": [
            [
              {
                "type": "get_attr",
                "value": "password"
              }
            ]
          ],
          "private": "eyJlMmJmYjczMC1lY2FhLTExZTYtOGY4OC0zNDM2M2JjN2M0YzAiOnsiY3JlYXRlIjo2MDAwMDAwMDAwMDAsImRlbGV0ZSI6NjAwMDAwMDAwMDAwLCJ1cGRhdGUiOjYwMDAwMDAwMDAwMH0sInNjaGVtYV92ZXJzaW9uIjoiMSJ9",
          "dependencies": [
            "google_project_service.sqladmin_api",
            "google_sql_database_instance.main",
            "random_password.db_password"
          ]
        }
      ]
    },
    {
      "mode": "managed",
      "type": "random_password",
      "name": "db_password",
      "provider": "provider[\"registry.terraform.io/hashicorp/random\"]",
      "instances": [
        {
          "schema_version": 3,
          "attributes": {
            "bcrypt_hash": "$2a$10$DPbMCWw7dY1urA8K9KKmk.n8At5b3hkeEfQtX2jX0vlq9FaDuhHA6",
            "id": "none",
            "keepers": null,
            "length": 20,
            "lower": true,
            "min_lower": 0,
            "min_numeric": 0,
            "min_special": 0,
            "min_upper": 0,
            "number": true,
            "numeric": true,
            "override_special": "_%@",
            "result": "mpINY1mlHO5K2_YafABq",
            "special": true,
            "upper": true
          },
          "sensitive_attributes": [
            [
              {
                "type": "get_attr",
                "value": "result"
              }
            ],
            [
              {
                "type": "get_attr",
                "value": "bcrypt_hash"
              }
            ]
          ]
        }
      ]
    },
    {
      "mode": "managed",
      "type": "random_string",
      "name": "app_secret_key_random",
      "provider": "provider[\"registry.terraform.io/hashicorp/random\"]",
      "instances": [
        {
          "index_key": 0,
          "schema_version": 2,
          "attributes": {
            "id": "bUc\u003c8uUuh\u003cvR?9*rKJ@NeHE\u0026G:hXO_s}jzrD:r[\u003e1?m2lLu$",
            "keepers": null,
            "length": 48,
            "lower": true,
            "min_lower": 0,
            "min_numeric": 0,
            "min_special": 0,
            "min_upper": 0,
            "number": true,
            "numeric": true,
            "override_special": null,
            "result": "bUc\u003c8uUuh\u003cvR?9*rKJ@NeHE\u0026G:hXO_s}jzrD:r[\u003e1?m2lLu$",
            "special": true,
            "upper": true
          },
          "sensitive_attributes": []
        }
      ]
    }
  ],
  "check_results": [
    {
      "object_kind": "var",
      "config_addr": "var.db_engine",
      "status": "pass",
      "objects": [
        {
          "object_addr": "var.db_engine",
          "status": "pass"
        }
      ]
    }
  ]
}
